
Microsoft Visual Studio Solution File, Format Version 12.00
# Visual Studio Version 17
VisualStudioVersion = 17.8.34322.80
MinimumVisualStudioVersion = 10.0.40219.1
Project("{FAE04EC0-301F-11D3-BF4B-00C04F79EFBC}") = "stock-quote-exchange", "stock-quote-exchange\stock-quote-exchange.csproj", "{EBB992BE-4122-46EC-A7ED-2B92F1A013D3}"
EndProject
Global
	GlobalSection(SolutionConfigurationPlatforms) = preSolution
		Debug|Any CPU = Debug|Any CPU
		Release|Any CPU = Release|Any CPU
	EndGlobalSection
	GlobalSection(ProjectConfigurationPlatforms) = postSolution
		{EBB992BE-4122-46EC-A7ED-2B92F1A013D3}.Debug|Any CPU.ActiveCfg = Debug|Any CPU
		{EBB992BE-4122-46EC-A7ED-2B92F1A013D3}.Debug|Any CPU.Build.0 = Debug|Any CPU
		{EBB992BE-4122-46EC-A7ED-2B92F1A013D3}.Release|Any CPU.ActiveCfg = Release|Any CPU
		{EBB992BE-4122-46EC-A7ED-2B92F1A013D3}.Release|Any CPU.Build.0 = Release|Any CPU
	EndGlobalSection
	GlobalSection(SolutionProperties) = preSolution
		HideSolutionNode = FALSE
	EndGlobalSection
	GlobalSection(ExtensibilityGlobals) = postSolution
		SolutionGuid = {50B7AB55-5F1B-47C8-BAF2-11353F54092C}
	EndGlobalSection
EndGlobal
